<?xml version="1.0" encoding="utf-8"?>
<Project ToolsVersion="4.0" xmlns="http://schemas.microsoft.com/developer/msbuild/2003">
  <ItemGroup>
    <Filter Include="소스 파일">
      <UniqueIdentifier>{4FC737F1-C7A5-4376-A066-2A32D752A2FF}</UniqueIdentifier>
      <Extensions>cpp;c;cc;cxx;def;odl;idl;hpj;bat;asm;asmx</Extensions>
    </Filter>
    <Filter Include="헤더 파일">
      <UniqueIdentifier>{93995380-89BD-4b04-88EB-625FBE52EBFB}</UniqueIdentifier>
      <Extensions>h;hh;hpp;hxx;hm;inl;inc;ipp;xsd</Extensions>
    </Filter>
    <Filter Include="리소스 파일">
      <UniqueIdentifier>{67DA6AB6-F800-4c08-8B7A-83BB121AAD01}</UniqueIdentifier>
      <Extensions>rc;ico;cur;bmp;dlg;rc2;rct;bin;rgs;gif;jpg;jpeg;jpe;resx;tiff;tif;png;wav;mfcribbon-ms</Extensions>
    </Filter>
  </ItemGroup>
  <ItemGroup>
    <ClCompile Include="1966번_프린터 큐.cpp">
      <Filter>소스 파일</Filter>
    </ClCompile>
    <ClCompile Include="10845번_큐.cpp">
      <Filter>소스 파일</Filter>
    </ClCompile>
    <ClCompile Include="2252번_줄 세우기.cpp">
      <Filter>소스 파일</Filter>
    </ClCompile>
    <ClCompile Include="위상정렬.cpp">
      <Filter>소스 파일</Filter>
    </ClCompile>
    <ClCompile Include="1766번_문제집.cpp">
      <Filter>소스 파일</Filter>
    </ClCompile>
    <ClCompile Include="11399번_ATM.cpp">
      <Filter>소스 파일</Filter>
    </ClCompile>
    <ClCompile Include="11047번_동전 0.cpp">
      <Filter>소스 파일</Filter>
    </ClCompile>
    <ClCompile Include="1931번_회의실 배정.cpp">
      <Filter>소스 파일</Filter>
    </ClCompile>
    <ClCompile Include="10610번_30.cpp">
      <Filter>소스 파일</Filter>
    </ClCompile>
    <ClCompile Include="1946번_신입사원.cpp">
      <Filter>소스 파일</Filter>
    </ClCompile>
    <ClCompile Include="_크레인 인형뽑기 게임.cpp">
      <Filter>소스 파일</Filter>
    </ClCompile>
    <ClCompile Include="10828번_스택.cpp">
      <Filter>소스 파일</Filter>
    </ClCompile>
    <ClCompile Include="9012번_괄호.cpp">
      <Filter>소스 파일</Filter>
    </ClCompile>
    <ClCompile Include="9012번_괄호_간단하게_C.cpp">
      <Filter>소스 파일</Filter>
    </ClCompile>
    <ClCompile Include="1874번_스택 수열.cpp">
      <Filter>소스 파일</Filter>
    </ClCompile>
    <ClCompile Include="10809번_알파벳 찾기_find_first_of.cpp">
      <Filter>소스 파일</Filter>
    </ClCompile>
    <ClCompile Include="10809번_알파벳 찾기_아스키 표.cpp">
      <Filter>소스 파일</Filter>
    </ClCompile>
    <ClCompile Include="1157번_단어 공부.cpp">
      <Filter>소스 파일</Filter>
    </ClCompile>
    <ClCompile Include="1152번_단어의 개수.cpp">
      <Filter>소스 파일</Filter>
    </ClCompile>
    <ClCompile Include="4949번_균형잡힌 세상.cpp">
      <Filter>소스 파일</Filter>
    </ClCompile>
    <ClCompile Include="2178번_미로 탐색.cpp">
      <Filter>소스 파일</Filter>
    </ClCompile>
    <ClCompile Include="2667번_단지번호붙이기.cpp">
      <Filter>소스 파일</Filter>
    </ClCompile>
    <ClCompile Include="1697번_숨바꼭질.cpp">
      <Filter>소스 파일</Filter>
    </ClCompile>
    <ClCompile Include="1260번_DFS와 BFS.cpp">
      <Filter>소스 파일</Filter>
    </ClCompile>
    <ClCompile Include="2267번_단지번호붙이기_DFS.cpp">
      <Filter>소스 파일</Filter>
    </ClCompile>
    <ClCompile Include="1012번_유기농 배추.cpp">
      <Filter>소스 파일</Filter>
    </ClCompile>
    <ClCompile Include="14502번_연구소.cpp">
      <Filter>소스 파일</Filter>
    </ClCompile>
    <ClCompile Include="조합_DFS.cpp">
      <Filter>소스 파일</Filter>
    </ClCompile>
    <ClCompile Include="14502번_연구소_방법2_visited.cpp">
      <Filter>소스 파일</Filter>
    </ClCompile>
    <ClCompile Include="14502번_연구소_방법3_시간단축.cpp">
      <Filter>소스 파일</Filter>
    </ClCompile>
    <ClCompile Include="17141번_연구소2.cpp">
      <Filter>소스 파일</Filter>
    </ClCompile>
    <ClCompile Include="17141번_연구소2_2.cpp">
      <Filter>소스 파일</Filter>
    </ClCompile>
    <ClCompile Include="17141번_연구소2_3.cpp">
      <Filter>소스 파일</Filter>
    </ClCompile>
    <ClCompile Include="17142번_연구소3.cpp">
      <Filter>소스 파일</Filter>
    </ClCompile>
    <ClCompile Include="17142번_연구소3_2.cpp">
      <Filter>소스 파일</Filter>
    </ClCompile>
    <ClCompile Include="13459번_구슬 탈출.cpp">
      <Filter>소스 파일</Filter>
    </ClCompile>
    <ClCompile Include="13460번_구슬 탈출 2_참조문제.cpp">
      <Filter>소스 파일</Filter>
    </ClCompile>
    <ClCompile Include="13460번_구슬 탈출 2_2.cpp">
      <Filter>소스 파일</Filter>
    </ClCompile>
    <ClCompile Include="INF_76_이항계수.cpp">
      <Filter>소스 파일</Filter>
    </ClCompile>
    <ClCompile Include="INF_77_친구인가.cpp">
      <Filter>소스 파일</Filter>
    </ClCompile>
    <ClCompile Include="INF_77_친구인가_UNION_FIND.cpp">
      <Filter>소스 파일</Filter>
    </ClCompile>
    <ClCompile Include="INF_78_원더랜드_Kruskal MST 알고리즘.cpp">
      <Filter>소스 파일</Filter>
    </ClCompile>
    <ClCompile Include="INF_82_순열.cpp">
      <Filter>소스 파일</Filter>
    </ClCompile>
    <ClCompile Include="INF_84_휴가_SSSW.cpp">
      <Filter>소스 파일</Filter>
    </ClCompile>
    <ClCompile Include="INF_84_휴가_SSSW_강의.cpp">
      <Filter>소스 파일</Filter>
    </ClCompile>
    <ClCompile Include="INF_85_수식 만들기_SSSW.cpp">
      <Filter>소스 파일</Filter>
    </ClCompile>
    <ClCompile Include="INF_86_피자 배달 거리_SSSW.cpp">
      <Filter>소스 파일</Filter>
    </ClCompile>
    <ClCompile Include="INF_87_섬나라 아일랜드.cpp">
      <Filter>소스 파일</Filter>
    </ClCompile>
    <ClCompile Include="INF_88번_미로의 최단거리 통로.cpp">
      <Filter>소스 파일</Filter>
    </ClCompile>
    <ClCompile Include="INF_89번_토마토_dist없이 안되나.cpp">
      <Filter>소스 파일</Filter>
    </ClCompile>
    <ClCompile Include="INF_89번_토마토.cpp">
      <Filter>소스 파일</Filter>
    </ClCompile>
    <ClCompile Include="소스.cpp">
      <Filter>소스 파일</Filter>
    </ClCompile>
    <ClCompile Include="소스1.cpp">
      <Filter>소스 파일</Filter>
    </ClCompile>
    <ClCompile Include="소스2.cpp">
      <Filter>소스 파일</Filter>
    </ClCompile>
    <ClCompile Include="14503번_로봇 청소기.cpp">
      <Filter>소스 파일</Filter>
    </ClCompile>
    <ClCompile Include="14503번_로봇 청소기_2.cpp">
      <Filter>소스 파일</Filter>
    </ClCompile>
    <ClCompile Include="14888번_연산자 끼워넣기.cpp">
      <Filter>소스 파일</Filter>
    </ClCompile>
    <ClCompile Include="16236번_아기상어.cpp">
      <Filter>소스 파일</Filter>
    </ClCompile>
    <ClCompile Include="16236번_아기상어_2.cpp">
      <Filter>소스 파일</Filter>
    </ClCompile>
    <ClCompile Include="19236번_청소년 상어.cpp">
      <Filter>소스 파일</Filter>
    </ClCompile>
    <ClCompile Include="INF_STL_MAP_단어에서 알파벳 수.cpp">
      <Filter>소스 파일</Filter>
    </ClCompile>
    <ClCompile Include="INF_STL_MAP_단어수.cpp">
      <Filter>소스 파일</Filter>
    </ClCompile>
    <ClCompile Include="19236번_청소년 상어_2.cpp">
      <Filter>소스 파일</Filter>
    </ClCompile>
    <ClCompile Include="19236번_청소년 상어_3.cpp">
      <Filter>소스 파일</Filter>
    </ClCompile>
    <ClCompile Include="19237번_어른 상어.cpp">
      <Filter>소스 파일</Filter>
    </ClCompile>
    <ClCompile Include="17779번_게리맨더링 2.cpp">
      <Filter>소스 파일</Filter>
    </ClCompile>
    <ClCompile Include="INF_11_숫자의 총 개수.cpp">
      <Filter>소스 파일</Filter>
    </ClCompile>
  </ItemGroup>
</Project>